
Microsoft Visual Studio Solution File, Format Version 12.00
# Visual Studio Version 16
VisualStudioVersion = 16.0.30503.244
MinimumVisualStudioVersion = 10.0.40219.1
Project("{9A19103F-16F7-4668-BE54-9A1E7A4F7556}") = "ConformityCheck.ConsoleApplication", "ConformityCheck.ConsoleApplication\ConformityCheck.ConsoleApplication.csproj", "{A029DC3B-6E2A-490A-BAC5-0F982B662E60}"
EndProject
Project("{9A19103F-16F7-4668-BE54-9A1E7A4F7556}") = "ConformityCheck.Importer", "ConformityCheck.Importer\ConformityCheck.Importer.csproj", "{D7CCF9CF-7CDE-4BA7-A7FE-719F4DED4FCE}"
EndProject
Project("{9A19103F-16F7-4668-BE54-9A1E7A4F7556}") = "ConformityCheck.Services", "ConformityCheck.Services\ConformityCheck.Services.csproj", "{12BB6F26-2847-4B75-8EC5-CC5D9097BD34}"
EndProject
Project("{9A19103F-16F7-4668-BE54-9A1E7A4F7556}") = "ConformityCheck.Models", "ConformityCheck.Models\ConformityCheck.Models.csproj", "{AABE1827-7CF4-45A9-BDF9-691DDBED5C41}"
EndProject
Project("{9A19103F-16F7-4668-BE54-9A1E7A4F7556}") = "ConformityCheck.Data", "ConformityCheck.Data\ConformityCheck.Data.csproj", "{127B368C-260E-4FA6-9593-87A4773C698C}"
EndProject
Global
	GlobalSection(SolutionConfigurationPlatforms) = preSolution
		Debug|Any CPU = Debug|Any CPU
		Release|Any CPU = Release|Any CPU
	EndGlobalSection
	GlobalSection(ProjectConfigurationPlatforms) = postSolution
		{A029DC3B-6E2A-490A-BAC5-0F982B662E60}.Debug|Any CPU.ActiveCfg = Debug|Any CPU
		{A029DC3B-6E2A-490A-BAC5-0F982B662E60}.Debug|Any CPU.Build.0 = Debug|Any CPU
		{A029DC3B-6E2A-490A-BAC5-0F982B662E60}.Release|Any CPU.ActiveCfg = Release|Any CPU
		{A029DC3B-6E2A-490A-BAC5-0F982B662E60}.Release|Any CPU.Build.0 = Release|Any CPU
		{D7CCF9CF-7CDE-4BA7-A7FE-719F4DED4FCE}.Debug|Any CPU.ActiveCfg = Debug|Any CPU
		{D7CCF9CF-7CDE-4BA7-A7FE-719F4DED4FCE}.Debug|Any CPU.Build.0 = Debug|Any CPU
		{D7CCF9CF-7CDE-4BA7-A7FE-719F4DED4FCE}.Release|Any CPU.ActiveCfg = Release|Any CPU
		{D7CCF9CF-7CDE-4BA7-A7FE-719F4DED4FCE}.Release|Any CPU.Build.0 = Release|Any CPU
		{12BB6F26-2847-4B75-8EC5-CC5D9097BD34}.Debug|Any CPU.ActiveCfg = Debug|Any CPU
		{12BB6F26-2847-4B75-8EC5-CC5D9097BD34}.Debug|Any CPU.Build.0 = Debug|Any CPU
		{12BB6F26-2847-4B75-8EC5-CC5D9097BD34}.Release|Any CPU.ActiveCfg = Release|Any CPU
		{12BB6F26-2847-4B75-8EC5-CC5D9097BD34}.Release|Any CPU.Build.0 = Release|Any CPU
		{AABE1827-7CF4-45A9-BDF9-691DDBED5C41}.Debug|Any CPU.ActiveCfg = Debug|Any CPU
		{AABE1827-7CF4-45A9-BDF9-691DDBED5C41}.Debug|Any CPU.Build.0 = Debug|Any CPU
		{AABE1827-7CF4-45A9-BDF9-691DDBED5C41}.Release|Any CPU.ActiveCfg = Release|Any CPU
		{AABE1827-7CF4-45A9-BDF9-691DDBED5C41}.Release|Any CPU.Build.0 = Release|Any CPU
		{127B368C-260E-4FA6-9593-87A4773C698C}.Debug|Any CPU.ActiveCfg = Debug|Any CPU
		{127B368C-260E-4FA6-9593-87A4773C698C}.Debug|Any CPU.Build.0 = Debug|Any CPU
		{127B368C-260E-4FA6-9593-87A4773C698C}.Release|Any CPU.ActiveCfg = Release|Any CPU
		{127B368C-260E-4FA6-9593-87A4773C698C}.Release|Any CPU.Build.0 = Release|Any CPU
	EndGlobalSection
	GlobalSection(SolutionProperties) = preSolution
		HideSolutionNode = FALSE
	EndGlobalSection
	GlobalSection(ExtensibilityGlobals) = postSolution
		SolutionGuid = {762E1042-6690-4385-9E3F-584423C58F4C}
	EndGlobalSection
EndGlobal
